# THIS IS AN AUTOGENERATED FILE. DO NOT EDIT THIS FILE DIRECTLY.
# yarn lockfile v1


"@babel/runtime@^7.13.10":
  "integrity" "sha512-9E9FJowqAsytyOY6LG+1KuueckRL+aQW+mKvXRXnuFGyRAyepJPmEo9vgMfXUA6O9u3IeEdv9MAkppFcaQwogQ=="
  "resolved" "https://registry.npmjs.org/@babel/runtime/-/runtime-7.16.7.tgz"
  "version" "7.16.7"
  dependencies:
    "regenerator-runtime" "^0.13.4"

"@figma/plugin-typings@^1.41.1":
  "integrity" "sha512-Cw8iTllj7Lv8cZIQ9zz82SbV3jqqXjTxiziyRP+/FiO+IphF0fGFgbzITE5bSYcn/T/wkkWn9hydJKU57eD51g=="
  "resolved" "https://registry.npmjs.org/@figma/plugin-typings/-/plugin-typings-1.41.1.tgz"
  "version" "1.41.1"

"@monaco-editor/loader@^1.2.0":
  "integrity" "sha512-cJVCG/T/KxXgzYnjKqyAgsKDbH9mGLjcXxN6AmwumBwa2rVFkwvGcUj1RJtD0ko4XqLqJxwqsN/Z/KURB5f1OQ=="
  "resolved" "https://registry.npmjs.org/@monaco-editor/loader/-/loader-1.2.0.tgz"
  "version" "1.2.0"
  dependencies:
    "state-local" "^1.0.6"

"@monaco-editor/react@^4.3.1":
  "integrity" "sha512-f+0BK1PP/W5I50hHHmwf11+Ea92E5H1VZXs+wvKplWUWOfyMa1VVwqkJrXjRvbcqHL+XdIGYWhWNdi4McEvnZg=="
  "resolved" "https://registry.npmjs.org/@monaco-editor/react/-/react-4.3.1.tgz"
  "version" "4.3.1"
  dependencies:
    "@monaco-editor/loader" "^1.2.0"
    "prop-types" "^15.7.2"

"@radix-ui/primitive@0.1.0":
  "integrity" "sha512-tqxZKybwN5Fa3VzZry4G6mXAAb9aAqKmPtnVbZpL0vsBwvOHTBwsjHVPXylocYLwEtBY9SCe665bYnNB515uoA=="
  "resolved" "https://registry.npmjs.org/@radix-ui/primitive/-/primitive-0.1.0.tgz"
  "version" "0.1.0"
  dependencies:
    "@babel/runtime" "^7.13.10"

"@radix-ui/react-collection@0.1.3":
  "integrity" "sha512-tMBY65l87tj77fMX44EBjm5p8clR6swkcNFr0/dDVdEPC0Vf3fwkv62dezCnZyrRBpkOgZPDOp2kO73hYlCfXw=="
  "resolved" "https://registry.npmjs.org/@radix-ui/react-collection/-/react-collection-0.1.3.tgz"
  "version" "0.1.3"
  dependencies:
    "@babel/runtime" "^7.13.10"
    "@radix-ui/react-compose-refs" "0.1.0"
    "@radix-ui/react-context" "0.1.1"
    "@radix-ui/react-primitive" "0.1.3"
    "@radix-ui/react-slot" "0.1.2"

"@radix-ui/react-compose-refs@0.1.0":
  "integrity" "sha512-eyclbh+b77k+69Dk72q3694OHrn9B3QsoIRx7ywX341U9RK1ThgQjMFZoPtmZNQTksXHLNEiefR8hGVeFyInGg=="
  "resolved" "https://registry.npmjs.org/@radix-ui/react-compose-refs/-/react-compose-refs-0.1.0.tgz"
  "version" "0.1.0"
  dependencies:
    "@babel/runtime" "^7.13.10"

"@radix-ui/react-context@0.1.1":
  "integrity" "sha512-PkyVX1JsLBioeu0jB9WvRpDBBLtLZohVDT3BB5CTSJqActma8S8030P57mWZb4baZifMvN7KKWPAA40UmWKkQg=="
  "resolved" "https://registry.npmjs.org/@radix-ui/react-context/-/react-context-0.1.1.tgz"
  "version" "0.1.1"
  dependencies:
    "@babel/runtime" "^7.13.10"

"@radix-ui/react-id@0.1.4":
  "integrity" "sha512-/hq5m/D0ZfJWOS7TLF+G0l08KDRs87LBE46JkAvgKkg1fW4jkucx9At9D9vauIPSbdNmww5kXEp566hMlA8eXA=="
  "resolved" "https://registry.npmjs.org/@radix-ui/react-id/-/react-id-0.1.4.tgz"
  "version" "0.1.4"
  dependencies:
    "@babel/runtime" "^7.13.10"
    "@radix-ui/react-use-layout-effect" "0.1.0"

"@radix-ui/react-primitive@0.1.3":
  "integrity" "sha512-fcyADaaAx2jdqEDLsTs6aX50S3L1c9K9CC6XMpJpuXFJCU4n9PGTFDZRtY2gAoXXoRCPIBsklCopSmGb6SsDjQ=="
  "resolved" "https://registry.npmjs.org/@radix-ui/react-primitive/-/react-primitive-0.1.3.tgz"
  "version" "0.1.3"
  dependencies:
    "@babel/runtime" "^7.13.10"
    "@radix-ui/react-slot" "0.1.2"

"@radix-ui/react-roving-focus@0.1.4":
  "integrity" "sha512-zaixcAxRcWQliUSx6l9rdfJhvcbuY7Tb4Emb7H4DWCTx1kenXH8+n9mwa8gaSIJLLSSSMzBpQATlpFw9xv/bJQ=="
  "resolved" "https://registry.npmjs.org/@radix-ui/react-roving-focus/-/react-roving-focus-0.1.4.tgz"
  "version" "0.1.4"
  dependencies:
    "@babel/runtime" "^7.13.10"
    "@radix-ui/primitive" "0.1.0"
    "@radix-ui/react-collection" "0.1.3"
    "@radix-ui/react-compose-refs" "0.1.0"
    "@radix-ui/react-context" "0.1.1"
    "@radix-ui/react-id" "0.1.4"
    "@radix-ui/react-primitive" "0.1.3"
    "@radix-ui/react-use-callback-ref" "0.1.0"
    "@radix-ui/react-use-controllable-state" "0.1.0"

"@radix-ui/react-slot@0.1.2":
  "integrity" "sha512-ADkqfL+agEzEguU3yS26jfB50hRrwf7U4VTwAOZEmi/g+ITcBWe12yM46ueS/UCIMI9Py+gFUaAdxgxafFvY2Q=="
  "resolved" "https://registry.npmjs.org/@radix-ui/react-slot/-/react-slot-0.1.2.tgz"
  "version" "0.1.2"
  dependencies:
    "@babel/runtime" "^7.13.10"
    "@radix-ui/react-compose-refs" "0.1.0"

"@radix-ui/react-tabs@^0.1.4":
  "integrity" "sha512-5UK1j3vcFQTNlsFjgxLHFw2eGLJ5EYL40/YHWWkH8fK6UC9+JSfVSVZQYImoZOeUVWgHJSEBaNdbikncjnUsKw=="
  "resolved" "https://registry.npmjs.org/@radix-ui/react-tabs/-/react-tabs-0.1.4.tgz"
  "version" "0.1.4"
  dependencies:
    "@babel/runtime" "^7.13.10"
    "@radix-ui/primitive" "0.1.0"
    "@radix-ui/react-context" "0.1.1"
    "@radix-ui/react-id" "0.1.4"
    "@radix-ui/react-primitive" "0.1.3"
    "@radix-ui/react-roving-focus" "0.1.4"
    "@radix-ui/react-use-callback-ref" "0.1.0"
    "@radix-ui/react-use-controllable-state" "0.1.0"

"@radix-ui/react-use-callback-ref@0.1.0":
  "integrity" "sha512-Va041McOFFl+aV+sejvl0BS2aeHx86ND9X/rVFmEFQKTXCp6xgUK0NGUAGcgBlIjnJSbMYPGEk1xKSSlVcN2Aw=="
  "resolved" "https://registry.npmjs.org/@radix-ui/react-use-callback-ref/-/react-use-callback-ref-0.1.0.tgz"
  "version" "0.1.0"
  dependencies:
    "@babel/runtime" "^7.13.10"

"@radix-ui/react-use-controllable-state@0.1.0":
  "integrity" "sha512-zv7CX/PgsRl46a52Tl45TwqwVJdmqnlQEQhaYMz/yBOD2sx2gCkCFSoF/z9mpnYWmS6DTLNTg5lIps3fV6EnXg=="
  "resolved" "https://registry.npmjs.org/@radix-ui/react-use-controllable-state/-/react-use-controllable-state-0.1.0.tgz"
  "version" "0.1.0"
  dependencies:
    "@babel/runtime" "^7.13.10"
    "@radix-ui/react-use-callback-ref" "0.1.0"

"@radix-ui/react-use-layout-effect@0.1.0":
  "integrity" "sha512-+wdeS51Y+E1q1Wmd+1xSSbesZkpVj4jsg0BojCbopWvgq5iBvixw5vgemscdh58ep98BwUbsFYnrywFhV9yrVg=="
  "resolved" "https://registry.npmjs.org/@radix-ui/react-use-layout-effect/-/react-use-layout-effect-0.1.0.tgz"
  "version" "0.1.0"
  dependencies:
    "@babel/runtime" "^7.13.10"

"@types/prop-types@*":
  "integrity" "sha512-rZ5drC/jWjrArrS8BR6SIr4cWpW09RNTYt9AMZo3Jwwif+iacXAqgVjm0B0Bv/S1jhDXKHqRVNCbACkJ89RAnQ=="
  "resolved" "https://registry.npmjs.org/@types/prop-types/-/prop-types-15.7.4.tgz"
  "version" "15.7.4"

"@types/react-dom@^17.0.11":
  "integrity" "sha512-f96K3k+24RaLGVu/Y2Ng3e1EbZ8/cVJvypZWd7cy0ofCBaf2lcM46xNhycMZ2xGwbBjRql7hOlZ+e2WlJ5MH3Q=="
  "resolved" "https://registry.npmjs.org/@types/react-dom/-/react-dom-17.0.11.tgz"
  "version" "17.0.11"
  dependencies:
    "@types/react" "*"

"@types/react@*", "@types/react@^17.0.38":
  "integrity" "sha512-SI92X1IA+FMnP3qM5m4QReluXzhcmovhZnLNm3pyeQlooi02qI7sLiepEYqT678uNiyc25XfCqxREFpy3W7YhQ=="
  "resolved" "https://registry.npmjs.org/@types/react/-/react-17.0.38.tgz"
  "version" "17.0.38"
  dependencies:
    "@types/prop-types" "*"
    "@types/scheduler" "*"
    "csstype" "^3.0.2"

"@types/scheduler@*":
  "integrity" "sha512-hppQEBDmlwhFAXKJX2KnWLYu5yMfi91yazPb2l+lbJiwW+wdo1gNeRA+3RgNSO39WYX2euey41KEwnqesU2Jew=="
  "resolved" "https://registry.npmjs.org/@types/scheduler/-/scheduler-0.16.2.tgz"
  "version" "0.16.2"

"code-block-writer@^10.1.0":
  "integrity" "sha512-67ueh2IRGst/51p0n6FvPrnRjAGHY5F8xdjkgrYE7DDzpJe6qA07RYQ9VcoUeo5ATOjSOiWpSL3SWBRRbempMw=="
  "resolved" "https://registry.npmjs.org/code-block-writer/-/code-block-writer-10.1.1.tgz"
  "version" "10.1.1"

"csstype@^3.0.2":
  "integrity" "sha512-2u44ZG2OcNUO9HDp/Jl8C07x6pU/eTR3ncV91SiK3dhG9TWvRVsCoJw14Ckx5DgWkzGA3waZWO3d7pgqpUI/XA=="
  "resolved" "https://registry.npmjs.org/csstype/-/csstype-3.0.10.tgz"
  "version" "3.0.10"

"esbuild-darwin-64@0.14.11":
  "integrity" "sha512-olq84ikh6TiBcrs3FnM4eR5VPPlcJcdW8BnUz/lNoEWYifYQ+Po5DuYV1oz1CTFMw4k6bQIZl8T3yxL+ZT2uvQ=="
  "resolved" "https://registry.npmjs.org/esbuild-darwin-64/-/esbuild-darwin-64-0.14.11.tgz"
  "version" "0.14.11"

"esbuild-wasm@^0.14.12":
  "integrity" "sha512-5MH2mK5Imvry00hOBHjQy7NUTvwgwCKJIq69LGkHP15GtiP8tmEKwPmcdqyn1Pyc3On//GuTvt7PuuDZeSsK6Q=="
  "resolved" "https://registry.npmjs.org/esbuild-wasm/-/esbuild-wasm-0.14.12.tgz"
  "version" "0.14.12"

"esbuild@^0.14.11":
  "integrity" "sha512-xZvPtVj6yecnDeFb3KjjCM6i7B5TCAQZT77kkW/CpXTMnd6VLnRPKrUB1XHI1pSq6a4Zcy3BGueQ8VljqjDGCg=="
  "resolved" "https://registry.npmjs.org/esbuild/-/esbuild-0.14.11.tgz"
  "version" "0.14.11"
  optionalDependencies:
    "esbuild-android-arm64" "0.14.11"
    "esbuild-darwin-64" "0.14.11"
    "esbuild-darwin-arm64" "0.14.11"
    "esbuild-freebsd-64" "0.14.11"
    "esbuild-freebsd-arm64" "0.14.11"
    "esbuild-linux-32" "0.14.11"
    "esbuild-linux-64" "0.14.11"
    "esbuild-linux-arm" "0.14.11"
    "esbuild-linux-arm64" "0.14.11"
    "esbuild-linux-mips64le" "0.14.11"
    "esbuild-linux-ppc64le" "0.14.11"
    "esbuild-linux-s390x" "0.14.11"
    "esbuild-netbsd-64" "0.14.11"
    "esbuild-openbsd-64" "0.14.11"
    "esbuild-sunos-64" "0.14.11"
    "esbuild-windows-32" "0.14.11"
    "esbuild-windows-64" "0.14.11"
    "esbuild-windows-arm64" "0.14.11"

"figma-plugin-ds@^1.0.1":
  "integrity" "sha512-j1/mcHeYx8IRzdLbNyqo9PQXqtI3ujN/RfjuXFS7OintJojuXG2GuaL8COzqAH66ZPXx4aFHMkqRjbBaudBCpA=="
  "resolved" "https://registry.npmjs.org/figma-plugin-ds/-/figma-plugin-ds-1.0.1.tgz"
  "version" "1.0.1"

"js-tokens@^3.0.0 || ^4.0.0":
  "integrity" "sha512-RdJUflcE3cUzKiMqQgsCu06FPu9UdIJO0beYbPhHN4k6apgJtifcoCtT9bcxOpYBtpD2kCM6Sbzg4CausW/PKQ=="
  "resolved" "https://registry.npmjs.org/js-tokens/-/js-tokens-4.0.0.tgz"
  "version" "4.0.0"

"loose-envify@^1.1.0", "loose-envify@^1.4.0":
  "integrity" "sha512-lyuxPGr/Wfhrlem2CL/UcnUc1zcqKAImBDzukY7Y5F/yQiNdko6+fRLevlw1HgMySw7f611UIY408EtxRSoK3Q=="
  "resolved" "https://registry.npmjs.org/loose-envify/-/loose-envify-1.4.0.tgz"
  "version" "1.4.0"
  dependencies:
    "js-tokens" "^3.0.0 || ^4.0.0"

"monaco-editor@^0.31.1", "monaco-editor@>= 0.21.0 < 1", "monaco-editor@>= 0.25.0 < 1":
  "integrity" "sha512-FYPwxGZAeP6mRRyrr5XTGHD9gRXVjy7GUzF4IPChnyt3fS5WrNxIkS8DNujWf6EQy0Zlzpxw8oTVE+mWI2/D1Q=="
  "resolved" "https://registry.npmjs.org/monaco-editor/-/monaco-editor-0.31.1.tgz"
  "version" "0.31.1"

"object-assign@^4.1.1":
  "integrity" "sha1-IQmtx5ZYh8/AXLvUQsrIv7s2CGM="
  "resolved" "https://registry.npmjs.org/object-assign/-/object-assign-4.1.1.tgz"
  "version" "4.1.1"

"prop-types@^15.7.2":
  "integrity" "sha512-oj87CgZICdulUohogVAR7AjlC0327U4el4L6eAvOqCeudMDVU0NThNaV+b9Df4dXgSP1gXMTnPdhfe/2qDH5cg=="
  "resolved" "https://registry.npmjs.org/prop-types/-/prop-types-15.8.1.tgz"
  "version" "15.8.1"
  dependencies:
    "loose-envify" "^1.4.0"
    "object-assign" "^4.1.1"
    "react-is" "^16.13.1"

"react-dom@^16.8.0 || ^17.0.0", "react-dom@^17.0.2":
  "integrity" "sha512-s4h96KtLDUQlsENhMn1ar8t2bEa+q/YAtj8pPPdIjPDGBDIVNsrD9aXNWqspUe6AzKCIG0C1HZZLqLV7qpOBGA=="
  "resolved" "https://registry.npmjs.org/react-dom/-/react-dom-17.0.2.tgz"
  "version" "17.0.2"
  dependencies:
    "loose-envify" "^1.1.0"
    "object-assign" "^4.1.1"
    "scheduler" "^0.20.2"

"react-is@^16.13.1":
  "integrity" "sha512-24e6ynE2H+OKt4kqsOvNd8kBpV65zoxbA4BVsEOB3ARVWQki/DHzaUoC5KuON/BiccDaCCTZBuOcfZs70kR8bQ=="
  "resolved" "https://registry.npmjs.org/react-is/-/react-is-16.13.1.tgz"
  "version" "16.13.1"

"react@^16.8 || ^17.0", "react@^16.8.0 || ^17.0.0", "react@^17.0.2", "react@17.0.2":
  "integrity" "sha512-gnhPt75i/dq/z3/6q/0asP78D0u592D5L1pd7M8P+dck6Fu/jJeL6iVVK23fptSUZj8Vjf++7wXA8UNclGQcbA=="
  "resolved" "https://registry.npmjs.org/react/-/react-17.0.2.tgz"
  "version" "17.0.2"
  dependencies:
    "loose-envify" "^1.1.0"
    "object-assign" "^4.1.1"

"regenerator-runtime@^0.13.4":
  "integrity" "sha512-p3VT+cOEgxFsRRA9X4lkI1E+k2/CtnKtU4gcxyaCUreilL/vqI6CdZ3wxVUx3UOUg+gnUOQQcRI7BmSI656MYA=="
  "resolved" "https://registry.npmjs.org/regenerator-runtime/-/regenerator-runtime-0.13.9.tgz"
  "version" "0.13.9"

"scheduler@^0.20.2":
  "integrity" "sha512-2eWfGgAqqWFGqtdMmcL5zCMK1U8KlXv8SQFGglL3CEtd0aDVDWgeF/YoCmvln55m5zSk3J/20hTaSBeSObsQDQ=="
  "resolved" "https://registry.npmjs.org/scheduler/-/scheduler-0.20.2.tgz"
  "version" "0.20.2"
  dependencies:
    "loose-envify" "^1.1.0"
    "object-assign" "^4.1.1"

"state-local@^1.0.6":
  "integrity" "sha512-HTEHMNieakEnoe33shBYcZ7NX83ACUjCu8c40iOGEZsngj9zRnkqS9j1pqQPXwobB0ZcVTk27REb7COQ0UR59w=="
  "resolved" "https://registry.npmjs.org/state-local/-/state-local-1.0.7.tgz"
  "version" "1.0.7"

"typescript@^4.5.5":
  "integrity" "sha512-TCTIul70LyWe6IJWT8QSYeA54WQe8EjQFU4wY52Fasj5UKx88LNYKCgBEHcOMOrFF1rKGbD8v/xcNWVUq9SymA=="
  "resolved" "https://registry.npmjs.org/typescript/-/typescript-4.5.5.tgz"
  "version" "4.5.5"
