# THIS IS AN AUTOGENERATED FILE. DO NOT EDIT THIS FILE DIRECTLY.
# yarn lockfile v1


"@babel/runtime@^7.13.10":
  version "7.16.7"
  resolved "https://registry.npmjs.org/@babel/runtime/-/runtime-7.16.7.tgz"
  integrity sha512-9E9FJowqAsytyOY6LG+1KuueckRL+aQW+mKvXRXnuFGyRAyepJPmEo9vgMfXUA6O9u3IeEdv9MAkppFcaQwogQ==
  dependencies:
    regenerator-runtime "^0.13.4"

"@figma/plugin-typings@^1.58.0":
  version "1.58.0"
  resolved "https://registry.yarnpkg.com/@figma/plugin-typings/-/plugin-typings-1.58.0.tgz#88ae0e57e2ac74203d401f2a70e95e93c470e093"
  integrity sha512-to6hFysqZYACz4VNgaBXflOVS+1pbXGNVcezDmQEMcADDkIZeAZ71Zfqf/B2YDRmU3sM1xX5Q5NkRGhjCuLOLg==

"@monaco-editor/loader@^1.3.2":
  version "1.3.2"
  resolved "https://registry.yarnpkg.com/@monaco-editor/loader/-/loader-1.3.2.tgz#04effbb87052d19cd7d3c9d81c0635490f9bb6d8"
  integrity sha512-BTDbpHl3e47r3AAtpfVFTlAi7WXv4UQ/xZmz8atKl4q7epQV5e7+JbigFDViWF71VBi4IIBdcWP57Hj+OWuc9g==
  dependencies:
    state-local "^1.0.6"

"@monaco-editor/react@^4.4.6":
  version "4.4.6"
  resolved "https://registry.yarnpkg.com/@monaco-editor/react/-/react-4.4.6.tgz#8ae500b0edf85276d860ed702e7056c316548218"
  integrity sha512-Gr3uz3LYf33wlFE3eRnta4RxP5FSNxiIV9ENn2D2/rN8KgGAD8ecvcITRtsbbyuOuNkwbuHYxfeaz2Vr+CtyFA==
  dependencies:
    "@monaco-editor/loader" "^1.3.2"
    prop-types "^15.7.2"

"@radix-ui/primitive@1.0.0":
  version "1.0.0"
  resolved "https://registry.yarnpkg.com/@radix-ui/primitive/-/primitive-1.0.0.tgz#e1d8ef30b10ea10e69c76e896f608d9276352253"
  integrity sha512-3e7rn8FDMin4CgeL7Z/49smCA3rFYY3Ha2rUQ7HRWFadS5iCRw08ZgVT1LaNTCNqgvrUiyczLflrVrF0SRQtNA==
  dependencies:
    "@babel/runtime" "^7.13.10"

"@radix-ui/react-collection@1.0.1":
  version "1.0.1"
  resolved "https://registry.yarnpkg.com/@radix-ui/react-collection/-/react-collection-1.0.1.tgz#259506f97c6703b36291826768d3c1337edd1de5"
  integrity sha512-uuiFbs+YCKjn3X1DTSx9G7BHApu4GHbi3kgiwsnFUbOKCrwejAJv4eE4Vc8C0Oaxt9T0aV4ox0WCOdx+39Xo+g==
  dependencies:
    "@babel/runtime" "^7.13.10"
    "@radix-ui/react-compose-refs" "1.0.0"
    "@radix-ui/react-context" "1.0.0"
    "@radix-ui/react-primitive" "1.0.1"
    "@radix-ui/react-slot" "1.0.1"

"@radix-ui/react-compose-refs@1.0.0":
  version "1.0.0"
  resolved "https://registry.yarnpkg.com/@radix-ui/react-compose-refs/-/react-compose-refs-1.0.0.tgz#37595b1f16ec7f228d698590e78eeed18ff218ae"
  integrity sha512-0KaSv6sx787/hK3eF53iOkiSLwAGlFMx5lotrqD2pTjB18KbybKoEIgkNZTKC60YECDQTKGTRcDBILwZVqVKvA==
  dependencies:
    "@babel/runtime" "^7.13.10"

"@radix-ui/react-context@1.0.0":
  version "1.0.0"
  resolved "https://registry.yarnpkg.com/@radix-ui/react-context/-/react-context-1.0.0.tgz#f38e30c5859a9fb5e9aa9a9da452ee3ed9e0aee0"
  integrity sha512-1pVM9RfOQ+n/N5PJK33kRSKsr1glNxomxONs5c49MliinBY6Yw2Q995qfBUUo0/Mbg05B/sGA0gkgPI7kmSHBg==
  dependencies:
    "@babel/runtime" "^7.13.10"

"@radix-ui/react-direction@1.0.0":
  version "1.0.0"
  resolved "https://registry.yarnpkg.com/@radix-ui/react-direction/-/react-direction-1.0.0.tgz#a2e0b552352459ecf96342c79949dd833c1e6e45"
  integrity sha512-2HV05lGUgYcA6xgLQ4BKPDmtL+QbIZYH5fCOTAOOcJ5O0QbWS3i9lKaurLzliYUDhORI2Qr3pyjhJh44lKA3rQ==
  dependencies:
    "@babel/runtime" "^7.13.10"

"@radix-ui/react-id@1.0.0":
  version "1.0.0"
  resolved "https://registry.yarnpkg.com/@radix-ui/react-id/-/react-id-1.0.0.tgz#8d43224910741870a45a8c9d092f25887bb6d11e"
  integrity sha512-Q6iAB/U7Tq3NTolBBQbHTgclPmGWE3OlktGGqrClPozSw4vkQ1DfQAOtzgRPecKsMdJINE05iaoDUG8tRzCBjw==
  dependencies:
    "@babel/runtime" "^7.13.10"
    "@radix-ui/react-use-layout-effect" "1.0.0"

"@radix-ui/react-presence@1.0.0":
  version "1.0.0"
  resolved "https://registry.yarnpkg.com/@radix-ui/react-presence/-/react-presence-1.0.0.tgz#814fe46df11f9a468808a6010e3f3ca7e0b2e84a"
  integrity sha512-A+6XEvN01NfVWiKu38ybawfHsBjWum42MRPnEuqPsBZ4eV7e/7K321B5VgYMPv3Xx5An6o1/l9ZuDBgmcmWK3w==
  dependencies:
    "@babel/runtime" "^7.13.10"
    "@radix-ui/react-compose-refs" "1.0.0"
    "@radix-ui/react-use-layout-effect" "1.0.0"

"@radix-ui/react-primitive@1.0.1":
  version "1.0.1"
  resolved "https://registry.yarnpkg.com/@radix-ui/react-primitive/-/react-primitive-1.0.1.tgz#c1ebcce283dd2f02e4fbefdaa49d1cb13dbc990a"
  integrity sha512-fHbmislWVkZaIdeF6GZxF0A/NH/3BjrGIYj+Ae6eTmTCr7EB0RQAAVEiqsXK6p3/JcRqVSBQoceZroj30Jj3XA==
  dependencies:
    "@babel/runtime" "^7.13.10"
    "@radix-ui/react-slot" "1.0.1"

"@radix-ui/react-roving-focus@1.0.2":
  version "1.0.2"
  resolved "https://registry.yarnpkg.com/@radix-ui/react-roving-focus/-/react-roving-focus-1.0.2.tgz#d8ac2e3b8006697bdfc2b0eb06bef7e15b6245de"
  integrity sha512-HLK+CqD/8pN6GfJm3U+cqpqhSKYAWiOJDe+A+8MfxBnOue39QEeMa43csUn2CXCHQT0/mewh1LrrG4tfkM9DMA==
  dependencies:
    "@babel/runtime" "^7.13.10"
    "@radix-ui/primitive" "1.0.0"
    "@radix-ui/react-collection" "1.0.1"
    "@radix-ui/react-compose-refs" "1.0.0"
    "@radix-ui/react-context" "1.0.0"
    "@radix-ui/react-direction" "1.0.0"
    "@radix-ui/react-id" "1.0.0"
    "@radix-ui/react-primitive" "1.0.1"
    "@radix-ui/react-use-callback-ref" "1.0.0"
    "@radix-ui/react-use-controllable-state" "1.0.0"

"@radix-ui/react-slot@1.0.1":
  version "1.0.1"
  resolved "https://registry.yarnpkg.com/@radix-ui/react-slot/-/react-slot-1.0.1.tgz#e7868c669c974d649070e9ecbec0b367ee0b4d81"
  integrity sha512-avutXAFL1ehGvAXtPquu0YK5oz6ctS474iM3vNGQIkswrVhdrS52e3uoMQBzZhNRAIE0jBnUyXWNmSjGHhCFcw==
  dependencies:
    "@babel/runtime" "^7.13.10"
    "@radix-ui/react-compose-refs" "1.0.0"

"@radix-ui/react-tabs@^1.0.2":
  version "1.0.2"
  resolved "https://registry.yarnpkg.com/@radix-ui/react-tabs/-/react-tabs-1.0.2.tgz#8f5ec73ca41b151a413bdd6e00553408ff34ce07"
  integrity sha512-gOUwh+HbjCuL0UCo8kZ+kdUEG8QtpdO4sMQduJ34ZEz0r4922g9REOBM+vIsfwtGxSug4Yb1msJMJYN2Bk8TpQ==
  dependencies:
    "@babel/runtime" "^7.13.10"
    "@radix-ui/primitive" "1.0.0"
    "@radix-ui/react-context" "1.0.0"
    "@radix-ui/react-direction" "1.0.0"
    "@radix-ui/react-id" "1.0.0"
    "@radix-ui/react-presence" "1.0.0"
    "@radix-ui/react-primitive" "1.0.1"
    "@radix-ui/react-roving-focus" "1.0.2"
    "@radix-ui/react-use-controllable-state" "1.0.0"

"@radix-ui/react-use-callback-ref@1.0.0":
  version "1.0.0"
  resolved "https://registry.yarnpkg.com/@radix-ui/react-use-callback-ref/-/react-use-callback-ref-1.0.0.tgz#9e7b8b6b4946fe3cbe8f748c82a2cce54e7b6a90"
  integrity sha512-GZtyzoHz95Rhs6S63D2t/eqvdFCm7I+yHMLVQheKM7nBD8mbZIt+ct1jz4536MDnaOGKIxynJ8eHTkVGVVkoTg==
  dependencies:
    "@babel/runtime" "^7.13.10"

"@radix-ui/react-use-controllable-state@1.0.0":
  version "1.0.0"
  resolved "https://registry.yarnpkg.com/@radix-ui/react-use-controllable-state/-/react-use-controllable-state-1.0.0.tgz#a64deaafbbc52d5d407afaa22d493d687c538b7f"
  integrity sha512-FohDoZvk3mEXh9AWAVyRTYR4Sq7/gavuofglmiXB2g1aKyboUD4YtgWxKj8O5n+Uak52gXQ4wKz5IFST4vtJHg==
  dependencies:
    "@babel/runtime" "^7.13.10"
    "@radix-ui/react-use-callback-ref" "1.0.0"

"@radix-ui/react-use-layout-effect@1.0.0":
  version "1.0.0"
  resolved "https://registry.yarnpkg.com/@radix-ui/react-use-layout-effect/-/react-use-layout-effect-1.0.0.tgz#2fc19e97223a81de64cd3ba1dc42ceffd82374dc"
  integrity sha512-6Tpkq+R6LOlmQb1R5NNETLG0B4YP0wc+klfXafpUCj6JGyaUc8il7/kUZ7m59rGbXGczE9Bs+iz2qloqsZBduQ==
  dependencies:
    "@babel/runtime" "^7.13.10"

"@types/prop-types@*":
  version "15.7.4"
  resolved "https://registry.npmjs.org/@types/prop-types/-/prop-types-15.7.4.tgz"
  integrity sha512-rZ5drC/jWjrArrS8BR6SIr4cWpW09RNTYt9AMZo3Jwwif+iacXAqgVjm0B0Bv/S1jhDXKHqRVNCbACkJ89RAnQ==

"@types/react-dom@^17.0.17":
  version "17.0.17"
  resolved "https://registry.yarnpkg.com/@types/react-dom/-/react-dom-17.0.17.tgz#2e3743277a793a96a99f1bf87614598289da68a1"
  integrity sha512-VjnqEmqGnasQKV0CWLevqMTXBYG9GbwuE6x3VetERLh0cq2LTptFE73MrQi2S7GkKXCf2GgwItB/melLnxfnsg==
  dependencies:
    "@types/react" "^17"

"@types/react@^17", "@types/react@^17.0.45":
  version "17.0.45"
  resolved "https://registry.yarnpkg.com/@types/react/-/react-17.0.45.tgz#9b3d5b661fd26365fefef0e766a1c6c30ccf7b3f"
  integrity sha512-YfhQ22Lah2e3CHPsb93tRwIGNiSwkuz1/blk4e6QrWS0jQzCSNbGLtOEYhPg02W0yGTTmpajp7dCTbBAMN3qsg==
  dependencies:
    "@types/prop-types" "*"
    "@types/scheduler" "*"
    csstype "^3.0.2"

"@types/scheduler@*":
  version "0.16.2"
  resolved "https://registry.npmjs.org/@types/scheduler/-/scheduler-0.16.2.tgz"
  integrity sha512-hppQEBDmlwhFAXKJX2KnWLYu5yMfi91yazPb2l+lbJiwW+wdo1gNeRA+3RgNSO39WYX2euey41KEwnqesU2Jew==

code-block-writer@^11.0.3:
  version "11.0.3"
  resolved "https://registry.yarnpkg.com/code-block-writer/-/code-block-writer-11.0.3.tgz#9eec2993edfb79bfae845fbc093758c0a0b73b76"
  integrity sha512-NiujjUFB4SwScJq2bwbYUtXbZhBSlY6vYzm++3Q6oC+U+injTqfPYFK8wS9COOmb2lueqp0ZRB4nK1VYeHgNyw==

csstype@^3.0.2:
  version "3.0.10"
  resolved "https://registry.npmjs.org/csstype/-/csstype-3.0.10.tgz"
  integrity sha512-2u44ZG2OcNUO9HDp/Jl8C07x6pU/eTR3ncV91SiK3dhG9TWvRVsCoJw14Ckx5DgWkzGA3waZWO3d7pgqpUI/XA==

esbuild-android-64@0.14.39:
  version "0.14.39"
  resolved "https://registry.yarnpkg.com/esbuild-android-64/-/esbuild-android-64-0.14.39.tgz#09f12a372eed9743fd77ff6d889ac14f7b340c21"
  integrity sha512-EJOu04p9WgZk0UoKTqLId9VnIsotmI/Z98EXrKURGb3LPNunkeffqQIkjS2cAvidh+OK5uVrXaIP229zK6GvhQ==

esbuild-android-arm64@0.14.39:
  version "0.14.39"
  resolved "https://registry.yarnpkg.com/esbuild-android-arm64/-/esbuild-android-arm64-0.14.39.tgz#f608d00ea03fe26f3b1ab92a30f99220390f3071"
  integrity sha512-+twajJqO7n3MrCz9e+2lVOnFplRsaGRwsq1KL/uOy7xK7QdRSprRQcObGDeDZUZsacD5gUkk6OiHiYp6RzU3CA==

esbuild-darwin-64@0.14.39:
  version "0.14.39"
  resolved "https://registry.yarnpkg.com/esbuild-darwin-64/-/esbuild-darwin-64-0.14.39.tgz#31528daa75b4c9317721ede344195163fae3e041"
  integrity sha512-ImT6eUw3kcGcHoUxEcdBpi6LfTRWaV6+qf32iYYAfwOeV+XaQ/Xp5XQIBiijLeo+LpGci9M0FVec09nUw41a5g==

esbuild-darwin-arm64@0.14.39:
  version "0.14.39"
  resolved "https://registry.yarnpkg.com/esbuild-darwin-arm64/-/esbuild-darwin-arm64-0.14.39.tgz#247f770d86d90a215fa194f24f90e30a0bd97245"
  integrity sha512-/fcQ5UhE05OiT+bW5v7/up1bDsnvaRZPJxXwzXsMRrr7rZqPa85vayrD723oWMT64dhrgWeA3FIneF8yER0XTw==

esbuild-freebsd-64@0.14.39:
  version "0.14.39"
  resolved "https://registry.yarnpkg.com/esbuild-freebsd-64/-/esbuild-freebsd-64-0.14.39.tgz#479414d294905055eb396ebe455ed42213284ee0"
  integrity sha512-oMNH8lJI4wtgN5oxuFP7BQ22vgB/e3Tl5Woehcd6i2r6F3TszpCnNl8wo2d/KvyQ4zvLvCWAlRciumhQg88+kQ==

esbuild-freebsd-arm64@0.14.39:
  version "0.14.39"
  resolved "https://registry.yarnpkg.com/esbuild-freebsd-arm64/-/esbuild-freebsd-arm64-0.14.39.tgz#cedeb10357c88533615921ae767a67dc870a474c"
  integrity sha512-1GHK7kwk57ukY2yI4ILWKJXaxfr+8HcM/r/JKCGCPziIVlL+Wi7RbJ2OzMcTKZ1HpvEqCTBT/J6cO4ZEwW4Ypg==

esbuild-linux-32@0.14.39:
  version "0.14.39"
  resolved "https://registry.yarnpkg.com/esbuild-linux-32/-/esbuild-linux-32-0.14.39.tgz#d9f008c4322d771f3958f59c1eee5a05cdf92485"
  integrity sha512-g97Sbb6g4zfRLIxHgW2pc393DjnkTRMeq3N1rmjDUABxpx8SjocK4jLen+/mq55G46eE2TA0MkJ4R3SpKMu7dg==

esbuild-linux-64@0.14.39:
  version "0.14.39"
  resolved "https://registry.yarnpkg.com/esbuild-linux-64/-/esbuild-linux-64-0.14.39.tgz#ba58d7f66858913aeb1ab5c6bde1bbd824731795"
  integrity sha512-4tcgFDYWdI+UbNMGlua9u1Zhu0N5R6u9tl5WOM8aVnNX143JZoBZLpCuUr5lCKhnD0SCO+5gUyMfupGrHtfggQ==

esbuild-linux-arm64@0.14.39:
  version "0.14.39"
  resolved "https://registry.yarnpkg.com/esbuild-linux-arm64/-/esbuild-linux-arm64-0.14.39.tgz#708785a30072702b5b1c16b65cf9c25c51202529"
  integrity sha512-23pc8MlD2D6Px1mV8GMglZlKgwgNKAO8gsgsLLcXWSs9lQsCYkIlMo/2Ycfo5JrDIbLdwgP8D2vpfH2KcBqrDQ==

esbuild-linux-arm@0.14.39:
  version "0.14.39"
  resolved "https://registry.yarnpkg.com/esbuild-linux-arm/-/esbuild-linux-arm-0.14.39.tgz#4e8b5deaa7ab60d0d28fab131244ef82b40684f4"
  integrity sha512-t0Hn1kWVx5UpCzAJkKRfHeYOLyFnXwYynIkK54/h3tbMweGI7dj400D1k0Vvtj2u1P+JTRT9tx3AjtLEMmfVBQ==

esbuild-linux-mips64le@0.14.39:
  version "0.14.39"
  resolved "https://registry.yarnpkg.com/esbuild-linux-mips64le/-/esbuild-linux-mips64le-0.14.39.tgz#6f3bf3023f711084e5a1e8190487d2020f39f0f7"
  integrity sha512-epwlYgVdbmkuRr5n4es3B+yDI0I2e/nxhKejT9H0OLxFAlMkeQZxSpxATpDc9m8NqRci6Kwyb/SfmD1koG2Zuw==

esbuild-linux-ppc64le@0.14.39:
  version "0.14.39"
  resolved "https://registry.yarnpkg.com/esbuild-linux-ppc64le/-/esbuild-linux-ppc64le-0.14.39.tgz#900e718a4ea3f6aedde8424828eeefdd4b48d4b9"
  integrity sha512-W/5ezaq+rQiQBThIjLMNjsuhPHg+ApVAdTz2LvcuesZFMsJoQAW2hutoyg47XxpWi7aEjJGrkS26qCJKhRn3QQ==

esbuild-linux-riscv64@0.14.39:
  version "0.14.39"
  resolved "https://registry.yarnpkg.com/esbuild-linux-riscv64/-/esbuild-linux-riscv64-0.14.39.tgz#dcbff622fa37047a75d2ff7a1d8d2949d80277e4"
  integrity sha512-IS48xeokcCTKeQIOke2O0t9t14HPvwnZcy+5baG13Z1wxs9ZrC5ig5ypEQQh4QMKxURD5TpCLHw2W42CLuVZaA==

esbuild-linux-s390x@0.14.39:
  version "0.14.39"
  resolved "https://registry.yarnpkg.com/esbuild-linux-s390x/-/esbuild-linux-s390x-0.14.39.tgz#3f725a7945b419406c99d93744b28552561dcdfd"
  integrity sha512-zEfunpqR8sMomqXhNTFEKDs+ik7HC01m3M60MsEjZOqaywHu5e5682fMsqOlZbesEAAaO9aAtRBsU7CHnSZWyA==

esbuild-netbsd-64@0.14.39:
  version "0.14.39"
  resolved "https://registry.yarnpkg.com/esbuild-netbsd-64/-/esbuild-netbsd-64-0.14.39.tgz#e10e40b6a765798b90d4eb85901cc85c8b7ff85e"
  integrity sha512-Uo2suJBSIlrZCe4E0k75VDIFJWfZy+bOV6ih3T4MVMRJh1lHJ2UyGoaX4bOxomYN3t+IakHPyEoln1+qJ1qYaA==

esbuild-openbsd-64@0.14.39:
  version "0.14.39"
  resolved "https://registry.yarnpkg.com/esbuild-openbsd-64/-/esbuild-openbsd-64-0.14.39.tgz#935ec143f75ce10bd9cdb1c87fee00287eb0edbc"
  integrity sha512-secQU+EpgUPpYjJe3OecoeGKVvRMLeKUxSMGHnK+aK5uQM3n1FPXNJzyz1LHFOo0WOyw+uoCxBYdM4O10oaCAA==

esbuild-sunos-64@0.14.39:
  version "0.14.39"
  resolved "https://registry.yarnpkg.com/esbuild-sunos-64/-/esbuild-sunos-64-0.14.39.tgz#0e7aa82b022a2e6d55b0646738b2582c2d72c3c0"
  integrity sha512-qHq0t5gePEDm2nqZLb+35p/qkaXVS7oIe32R0ECh2HOdiXXkj/1uQI9IRogGqKkK+QjDG+DhwiUw7QoHur/Rwg==

esbuild-wasm@^0.14.39:
  version "0.14.39"
  resolved "https://registry.yarnpkg.com/esbuild-wasm/-/esbuild-wasm-0.14.39.tgz#e30d735d1f4605d278445ee71497a4af9eb987dd"
  integrity sha512-ERthbXykeACyL8gmE1FE2njn/kyBrnj4tuoImtcpry8uNb/McUNtv08TdWA0pGHYxfD76XoaIwKEOMSv25IkFQ==

esbuild-windows-32@0.14.39:
  version "0.14.39"
  resolved "https://registry.yarnpkg.com/esbuild-windows-32/-/esbuild-windows-32-0.14.39.tgz#3f1538241f31b538545f4b5841b248cac260fa35"
  integrity sha512-XPjwp2OgtEX0JnOlTgT6E5txbRp6Uw54Isorm3CwOtloJazeIWXuiwK0ONJBVb/CGbiCpS7iP2UahGgd2p1x+Q==

esbuild-windows-64@0.14.39:
  version "0.14.39"
  resolved "https://registry.yarnpkg.com/esbuild-windows-64/-/esbuild-windows-64-0.14.39.tgz#b100c59f96d3c2da2e796e42fee4900d755d3e03"
  integrity sha512-E2wm+5FwCcLpKsBHRw28bSYQw0Ikxb7zIMxw3OPAkiaQhLVr3dnVO8DofmbWhhf6b97bWzg37iSZ45ZDpLw7Ow==

esbuild-windows-arm64@0.14.39:
  version "0.14.39"
  resolved "https://registry.yarnpkg.com/esbuild-windows-arm64/-/esbuild-windows-arm64-0.14.39.tgz#00268517e665b33c89778d61f144e4256b39f631"
  integrity sha512-sBZQz5D+Gd0EQ09tZRnz/PpVdLwvp/ufMtJ1iDFYddDaPpZXKqPyaxfYBLs3ueiaksQ26GGa7sci0OqFzNs7KA==

esbuild@^0.14.39:
  version "0.14.39"
  resolved "https://registry.yarnpkg.com/esbuild/-/esbuild-0.14.39.tgz#c926b2259fe6f6d3a94f528fb42e103c5a6d909a"
  integrity sha512-2kKujuzvRWYtwvNjYDY444LQIA3TyJhJIX3Yo4+qkFlDDtGlSicWgeHVJqMUP/2sSfH10PGwfsj+O2ro1m10xQ==
  optionalDependencies:
    esbuild-android-64 "0.14.39"
    esbuild-android-arm64 "0.14.39"
    esbuild-darwin-64 "0.14.39"
    esbuild-darwin-arm64 "0.14.39"
    esbuild-freebsd-64 "0.14.39"
    esbuild-freebsd-arm64 "0.14.39"
    esbuild-linux-32 "0.14.39"
    esbuild-linux-64 "0.14.39"
    esbuild-linux-arm "0.14.39"
    esbuild-linux-arm64 "0.14.39"
    esbuild-linux-mips64le "0.14.39"
    esbuild-linux-ppc64le "0.14.39"
    esbuild-linux-riscv64 "0.14.39"
    esbuild-linux-s390x "0.14.39"
    esbuild-netbsd-64 "0.14.39"
    esbuild-openbsd-64 "0.14.39"
    esbuild-sunos-64 "0.14.39"
    esbuild-windows-32 "0.14.39"
    esbuild-windows-64 "0.14.39"
    esbuild-windows-arm64 "0.14.39"

"js-tokens@^3.0.0 || ^4.0.0":
  version "4.0.0"
  resolved "https://registry.npmjs.org/js-tokens/-/js-tokens-4.0.0.tgz"
  integrity sha512-RdJUflcE3cUzKiMqQgsCu06FPu9UdIJO0beYbPhHN4k6apgJtifcoCtT9bcxOpYBtpD2kCM6Sbzg4CausW/PKQ==

loose-envify@^1.1.0, loose-envify@^1.4.0:
  version "1.4.0"
  resolved "https://registry.npmjs.org/loose-envify/-/loose-envify-1.4.0.tgz"
  integrity sha512-lyuxPGr/Wfhrlem2CL/UcnUc1zcqKAImBDzukY7Y5F/yQiNdko6+fRLevlw1HgMySw7f611UIY408EtxRSoK3Q==
  dependencies:
    js-tokens "^3.0.0 || ^4.0.0"

monaco-editor@^0.34.1:
  version "0.34.1"
  resolved "https://registry.yarnpkg.com/monaco-editor/-/monaco-editor-0.34.1.tgz#1b75c4ad6bc4c1f9da656d740d98e0b850a22f87"
  integrity sha512-FKc80TyiMaruhJKKPz5SpJPIjL+dflGvz4CpuThaPMc94AyN7SeC9HQ8hrvaxX7EyHdJcUY5i4D0gNyJj1vSZQ==

object-assign@^4.1.1:
  version "4.1.1"
  resolved "https://registry.npmjs.org/object-assign/-/object-assign-4.1.1.tgz"
  integrity sha1-IQmtx5ZYh8/AXLvUQsrIv7s2CGM=

prop-types@^15.7.2:
  version "15.8.1"
  resolved "https://registry.npmjs.org/prop-types/-/prop-types-15.8.1.tgz"
  integrity sha512-oj87CgZICdulUohogVAR7AjlC0327U4el4L6eAvOqCeudMDVU0NThNaV+b9Df4dXgSP1gXMTnPdhfe/2qDH5cg==
  dependencies:
    loose-envify "^1.4.0"
    object-assign "^4.1.1"
    react-is "^16.13.1"

react-dom@^17.0.2:
  version "17.0.2"
  resolved "https://registry.npmjs.org/react-dom/-/react-dom-17.0.2.tgz"
  integrity sha512-s4h96KtLDUQlsENhMn1ar8t2bEa+q/YAtj8pPPdIjPDGBDIVNsrD9aXNWqspUe6AzKCIG0C1HZZLqLV7qpOBGA==
  dependencies:
    loose-envify "^1.1.0"
    object-assign "^4.1.1"
    scheduler "^0.20.2"

react-is@^16.13.1:
  version "16.13.1"
  resolved "https://registry.npmjs.org/react-is/-/react-is-16.13.1.tgz"
  integrity sha512-24e6ynE2H+OKt4kqsOvNd8kBpV65zoxbA4BVsEOB3ARVWQki/DHzaUoC5KuON/BiccDaCCTZBuOcfZs70kR8bQ==

react@^17.0.2:
  version "17.0.2"
  resolved "https://registry.npmjs.org/react/-/react-17.0.2.tgz"
  integrity sha512-gnhPt75i/dq/z3/6q/0asP78D0u592D5L1pd7M8P+dck6Fu/jJeL6iVVK23fptSUZj8Vjf++7wXA8UNclGQcbA==
  dependencies:
    loose-envify "^1.1.0"
    object-assign "^4.1.1"

regenerator-runtime@^0.13.4:
  version "0.13.9"
  resolved "https://registry.npmjs.org/regenerator-runtime/-/regenerator-runtime-0.13.9.tgz"
  integrity sha512-p3VT+cOEgxFsRRA9X4lkI1E+k2/CtnKtU4gcxyaCUreilL/vqI6CdZ3wxVUx3UOUg+gnUOQQcRI7BmSI656MYA==

scheduler@^0.20.2:
  version "0.20.2"
  resolved "https://registry.npmjs.org/scheduler/-/scheduler-0.20.2.tgz"
  integrity sha512-2eWfGgAqqWFGqtdMmcL5zCMK1U8KlXv8SQFGglL3CEtd0aDVDWgeF/YoCmvln55m5zSk3J/20hTaSBeSObsQDQ==
  dependencies:
    loose-envify "^1.1.0"
    object-assign "^4.1.1"

state-local@^1.0.6:
  version "1.0.7"
  resolved "https://registry.npmjs.org/state-local/-/state-local-1.0.7.tgz"
  integrity sha512-HTEHMNieakEnoe33shBYcZ7NX83ACUjCu8c40iOGEZsngj9zRnkqS9j1pqQPXwobB0ZcVTk27REb7COQ0UR59w==

typescript@^4.9.5:
  version "4.9.5"
  resolved "https://registry.yarnpkg.com/typescript/-/typescript-4.9.5.tgz#095979f9bcc0d09da324d58d03ce8f8374cbe65a"
  integrity sha512-1FXk9E2Hm+QzZQ7z+McJiHL4NW1F2EzMu9Nq9i3zAaGqibafqYwCVU6WyWAuyQRRzOlxou8xZSyXLEN8oKj24g==
