# THIS IS AN AUTOGENERATED FILE. DO NOT EDIT THIS FILE DIRECTLY.
# yarn lockfile v1


"@babel/runtime@^7.13.10":
  version "7.16.7"
  resolved "https://registry.yarnpkg.com/@babel/runtime/-/runtime-7.16.7.tgz#03ff99f64106588c9c403c6ecb8c3bafbbdff1fa"
  integrity sha512-9E9FJowqAsytyOY6LG+1KuueckRL+aQW+mKvXRXnuFGyRAyepJPmEo9vgMfXUA6O9u3IeEdv9MAkppFcaQwogQ==
  dependencies:
    regenerator-runtime "^0.13.4"

"@figma/plugin-typings@^1.41.1":
  version "1.41.1"
  resolved "https://registry.yarnpkg.com/@figma/plugin-typings/-/plugin-typings-1.41.1.tgz#5ba8d474cc4952b338b50894455373730cdf66e5"
  integrity sha512-Cw8iTllj7Lv8cZIQ9zz82SbV3jqqXjTxiziyRP+/FiO+IphF0fGFgbzITE5bSYcn/T/wkkWn9hydJKU57eD51g==

"@radix-ui/number@0.1.0":
  version "0.1.0"
  resolved "https://registry.yarnpkg.com/@radix-ui/number/-/number-0.1.0.tgz#73ad13d5cc5f75fa5e147d72e5d5d5e50d688256"
  integrity sha512-rpf6QiOWLHAkM4FEMYu9i+5Jr8cKT893+R4mPpcdsy4LD7omr9JfdOqj/h/xPA5+EcVrpMMlU6rrRYpUB5UI8g==
  dependencies:
    "@babel/runtime" "^7.13.10"

"@radix-ui/popper@0.1.0":
  version "0.1.0"
  resolved "https://registry.yarnpkg.com/@radix-ui/popper/-/popper-0.1.0.tgz#c387a38f31b7799e1ea0d2bb1ca0c91c2931b063"
  integrity sha512-uzYeElL3w7SeNMuQpXiFlBhTT+JyaNMCwDfjKkrzugEcYrf5n52PHqncNdQPUtR42hJh8V9FsqyEDbDxkeNjJQ==
  dependencies:
    "@babel/runtime" "^7.13.10"
    csstype "^3.0.4"

"@radix-ui/primitive@0.1.0":
  version "0.1.0"
  resolved "https://registry.yarnpkg.com/@radix-ui/primitive/-/primitive-0.1.0.tgz#6206b97d379994f0d1929809db035733b337e543"
  integrity sha512-tqxZKybwN5Fa3VzZry4G6mXAAb9aAqKmPtnVbZpL0vsBwvOHTBwsjHVPXylocYLwEtBY9SCe665bYnNB515uoA==
  dependencies:
    "@babel/runtime" "^7.13.10"

"@radix-ui/react-arrow@0.1.3":
  version "0.1.3"
  resolved "https://registry.yarnpkg.com/@radix-ui/react-arrow/-/react-arrow-0.1.3.tgz#17f86eab216c48aff17b13b811569a9bbabaa44d"
  integrity sha512-9x1gRYdlUD5OUwY7L+M+4FY/YltDSsrNSj8QXGPbxZxL5ghWXB/4lhyIGccCwk/e8ggfmQYv9SRNmn3LavPo3A==
  dependencies:
    "@babel/runtime" "^7.13.10"
    "@radix-ui/react-primitive" "0.1.3"

"@radix-ui/react-collection@0.1.3":
  version "0.1.3"
  resolved "https://registry.yarnpkg.com/@radix-ui/react-collection/-/react-collection-0.1.3.tgz#7b584f5db40ce165883b87c383d3bd16c0000d69"
  integrity sha512-tMBY65l87tj77fMX44EBjm5p8clR6swkcNFr0/dDVdEPC0Vf3fwkv62dezCnZyrRBpkOgZPDOp2kO73hYlCfXw==
  dependencies:
    "@babel/runtime" "^7.13.10"
    "@radix-ui/react-compose-refs" "0.1.0"
    "@radix-ui/react-context" "0.1.1"
    "@radix-ui/react-primitive" "0.1.3"
    "@radix-ui/react-slot" "0.1.2"

"@radix-ui/react-compose-refs@0.1.0":
  version "0.1.0"
  resolved "https://registry.yarnpkg.com/@radix-ui/react-compose-refs/-/react-compose-refs-0.1.0.tgz#cff6e780a0f73778b976acff2c2a5b6551caab95"
  integrity sha512-eyclbh+b77k+69Dk72q3694OHrn9B3QsoIRx7ywX341U9RK1ThgQjMFZoPtmZNQTksXHLNEiefR8hGVeFyInGg==
  dependencies:
    "@babel/runtime" "^7.13.10"

"@radix-ui/react-context-menu@^0.1.4":
  version "0.1.4"
  resolved "https://registry.yarnpkg.com/@radix-ui/react-context-menu/-/react-context-menu-0.1.4.tgz#d4706fe029f74b3330c6965601ed6a3f9165fb2c"
  integrity sha512-GWwzAZDGT66b5HQAD4nfhSTih3pxhbEnNfVBerKYSL/74VWHZY6xpXf6peeb4m1zorVvYPMoT45KTO6hAJwTFg==
  dependencies:
    "@babel/runtime" "^7.13.10"
    "@radix-ui/primitive" "0.1.0"
    "@radix-ui/react-context" "0.1.1"
    "@radix-ui/react-menu" "0.1.4"
    "@radix-ui/react-primitive" "0.1.3"
    "@radix-ui/react-use-callback-ref" "0.1.0"

"@radix-ui/react-context@0.1.1":
  version "0.1.1"
  resolved "https://registry.yarnpkg.com/@radix-ui/react-context/-/react-context-0.1.1.tgz#06996829ea124d9a1bc1dbe3e51f33588fab0875"
  integrity sha512-PkyVX1JsLBioeu0jB9WvRpDBBLtLZohVDT3BB5CTSJqActma8S8030P57mWZb4baZifMvN7KKWPAA40UmWKkQg==
  dependencies:
    "@babel/runtime" "^7.13.10"

"@radix-ui/react-dialog@^0.1.5":
  version "0.1.5"
  resolved "https://registry.yarnpkg.com/@radix-ui/react-dialog/-/react-dialog-0.1.5.tgz#4310659607f5ad0b8796623d5f7490dc47d3d295"
  integrity sha512-WftvXcQSszUphCTLQkkpBIkrYYU0IYqgIvACLQady4BN4YHDgdNlrwdg2ti9QrXgq1PZ+0S/6BIaA1dmSuRQ2g==
  dependencies:
    "@babel/runtime" "^7.13.10"
    "@radix-ui/primitive" "0.1.0"
    "@radix-ui/react-compose-refs" "0.1.0"
    "@radix-ui/react-context" "0.1.1"
    "@radix-ui/react-dismissable-layer" "0.1.3"
    "@radix-ui/react-focus-guards" "0.1.0"
    "@radix-ui/react-focus-scope" "0.1.3"
    "@radix-ui/react-id" "0.1.4"
    "@radix-ui/react-portal" "0.1.3"
    "@radix-ui/react-presence" "0.1.1"
    "@radix-ui/react-primitive" "0.1.3"
    "@radix-ui/react-slot" "0.1.2"
    "@radix-ui/react-use-controllable-state" "0.1.0"
    aria-hidden "^1.1.1"
    react-remove-scroll "^2.4.0"

"@radix-ui/react-dismissable-layer@0.1.3":
  version "0.1.3"
  resolved "https://registry.yarnpkg.com/@radix-ui/react-dismissable-layer/-/react-dismissable-layer-0.1.3.tgz#d427c7520c3799d2b957e40e7d67045d96120356"
  integrity sha512-3veE7M8K13Qb+6+tC3DHWmWV9VMuuRoZvRLdrvz7biSraK/qkGBN4LbKZDaTdw2D2HS7RNpSd/sF8pFd3TaAgA==
  dependencies:
    "@babel/runtime" "^7.13.10"
    "@radix-ui/primitive" "0.1.0"
    "@radix-ui/react-context" "0.1.1"
    "@radix-ui/react-primitive" "0.1.3"
    "@radix-ui/react-use-body-pointer-events" "0.1.0"
    "@radix-ui/react-use-callback-ref" "0.1.0"
    "@radix-ui/react-use-escape-keydown" "0.1.0"

"@radix-ui/react-dropdown-menu@^0.1.4":
  version "0.1.4"
  resolved "https://registry.yarnpkg.com/@radix-ui/react-dropdown-menu/-/react-dropdown-menu-0.1.4.tgz#c5e7db72b4854ea8d8f9151f7053fa6873eb372f"
  integrity sha512-KNFHOK+zKKqZ7x3OoxCXZ2TRESRmHpgxkXpY75i/GFt3i5N/RIH5rB9WSdwhdQXM7gkihYZIDwjdmhhSsgzHkw==
  dependencies:
    "@babel/runtime" "^7.13.10"
    "@radix-ui/primitive" "0.1.0"
    "@radix-ui/react-compose-refs" "0.1.0"
    "@radix-ui/react-context" "0.1.1"
    "@radix-ui/react-id" "0.1.4"
    "@radix-ui/react-menu" "0.1.4"
    "@radix-ui/react-primitive" "0.1.3"
    "@radix-ui/react-use-controllable-state" "0.1.0"

"@radix-ui/react-focus-guards@0.1.0":
  version "0.1.0"
  resolved "https://registry.yarnpkg.com/@radix-ui/react-focus-guards/-/react-focus-guards-0.1.0.tgz#ba3b6f902cba7826569f8edc21ff8223dece7def"
  integrity sha512-kRx/swAjEfBpQ3ns7J3H4uxpXuWCqN7MpALiSDOXiyo2vkWv0L9sxvbpZeTulINuE3CGMzicVMuNc/VWXjFKOg==
  dependencies:
    "@babel/runtime" "^7.13.10"

"@radix-ui/react-focus-scope@0.1.3":
  version "0.1.3"
  resolved "https://registry.yarnpkg.com/@radix-ui/react-focus-scope/-/react-focus-scope-0.1.3.tgz#b1cc825b6190001d731417ed90d192d13b41bce1"
  integrity sha512-bKi+lw14SriQqYWMBe13b/wvxSqYMC+3FylMUEwOKA6JrBoldpkhX5XffGDdpDRTTpjbncdH3H7d1PL5Bs7Ikg==
  dependencies:
    "@babel/runtime" "^7.13.10"
    "@radix-ui/react-compose-refs" "0.1.0"
    "@radix-ui/react-primitive" "0.1.3"
    "@radix-ui/react-use-callback-ref" "0.1.0"

"@radix-ui/react-id@0.1.4":
  version "0.1.4"
  resolved "https://registry.yarnpkg.com/@radix-ui/react-id/-/react-id-0.1.4.tgz#4cd6126e6ac8a43ebe6d52948a068b797cc9ad71"
  integrity sha512-/hq5m/D0ZfJWOS7TLF+G0l08KDRs87LBE46JkAvgKkg1fW4jkucx9At9D9vauIPSbdNmww5kXEp566hMlA8eXA==
  dependencies:
    "@babel/runtime" "^7.13.10"
    "@radix-ui/react-use-layout-effect" "0.1.0"

"@radix-ui/react-menu@0.1.4":
  version "0.1.4"
  resolved "https://registry.yarnpkg.com/@radix-ui/react-menu/-/react-menu-0.1.4.tgz#ed9aca2c2328038e2210e629228db6e3c67495c1"
  integrity sha512-50HvBojjj2CrwIxcECRF9MdReoALRdpG7vtCAGbYs3eciIOLqtP6+Dx/sVz1YWe6Fsree/5vFQXZGImZYY/3TQ==
  dependencies:
    "@babel/runtime" "^7.13.10"
    "@radix-ui/primitive" "0.1.0"
    "@radix-ui/react-collection" "0.1.3"
    "@radix-ui/react-compose-refs" "0.1.0"
    "@radix-ui/react-context" "0.1.1"
    "@radix-ui/react-dismissable-layer" "0.1.3"
    "@radix-ui/react-focus-guards" "0.1.0"
    "@radix-ui/react-focus-scope" "0.1.3"
    "@radix-ui/react-id" "0.1.4"
    "@radix-ui/react-popper" "0.1.3"
    "@radix-ui/react-portal" "0.1.3"
    "@radix-ui/react-presence" "0.1.1"
    "@radix-ui/react-primitive" "0.1.3"
    "@radix-ui/react-roving-focus" "0.1.4"
    "@radix-ui/react-use-callback-ref" "0.1.0"
    "@radix-ui/react-use-direction" "0.1.0"
    aria-hidden "^1.1.1"
    react-remove-scroll "^2.4.0"

"@radix-ui/react-popper@0.1.3":
  version "0.1.3"
  resolved "https://registry.yarnpkg.com/@radix-ui/react-popper/-/react-popper-0.1.3.tgz#a93bdd72845566007e5f3868caddd62318bb781e"
  integrity sha512-2OV2YaJv7iTZexJY3HJ7B6Fs1A/3JXd3fRGU4JY0guACfGMD1C/jSgds505MKQOTiHE/quI6j3/q8yfzFjJR9g==
  dependencies:
    "@babel/runtime" "^7.13.10"
    "@radix-ui/popper" "0.1.0"
    "@radix-ui/react-arrow" "0.1.3"
    "@radix-ui/react-compose-refs" "0.1.0"
    "@radix-ui/react-context" "0.1.1"
    "@radix-ui/react-primitive" "0.1.3"
    "@radix-ui/react-use-rect" "0.1.1"
    "@radix-ui/react-use-size" "0.1.0"
    "@radix-ui/rect" "0.1.1"

"@radix-ui/react-portal@0.1.3":
  version "0.1.3"
  resolved "https://registry.yarnpkg.com/@radix-ui/react-portal/-/react-portal-0.1.3.tgz#56826e789b3d4e37983f6d23666e3f1b1b9ee358"
  integrity sha512-DrV+sPYLs0HhmX5/b7yRT6nLM9Nl6FtQe2KUG+46kiCOKQ+0XzNMO5hmeQtyq0mRf/qlC02rFu6OMsWpIqVsJg==
  dependencies:
    "@babel/runtime" "^7.13.10"
    "@radix-ui/react-primitive" "0.1.3"
    "@radix-ui/react-use-layout-effect" "0.1.0"

"@radix-ui/react-presence@0.1.1":
  version "0.1.1"
  resolved "https://registry.yarnpkg.com/@radix-ui/react-presence/-/react-presence-0.1.1.tgz#2088dec6f4f8042f83dd2d6bf9e8ef09dadbbc15"
  integrity sha512-LsL+NcWDpFUAYCmXeH02o4pgqcSLpwxP84UIjCtpIKrsPe2vLuhcp79KC/jZJeXz+of2lUpMAxpM+eCpxFZtlg==
  dependencies:
    "@babel/runtime" "^7.13.10"
    "@radix-ui/react-compose-refs" "0.1.0"
    "@radix-ui/react-use-layout-effect" "0.1.0"

"@radix-ui/react-primitive@0.1.3":
  version "0.1.3"
  resolved "https://registry.yarnpkg.com/@radix-ui/react-primitive/-/react-primitive-0.1.3.tgz#585c35ef2ec06bab0ea9e0fc5c916e556661b881"
  integrity sha512-fcyADaaAx2jdqEDLsTs6aX50S3L1c9K9CC6XMpJpuXFJCU4n9PGTFDZRtY2gAoXXoRCPIBsklCopSmGb6SsDjQ==
  dependencies:
    "@babel/runtime" "^7.13.10"
    "@radix-ui/react-slot" "0.1.2"

"@radix-ui/react-roving-focus@0.1.4":
  version "0.1.4"
  resolved "https://registry.yarnpkg.com/@radix-ui/react-roving-focus/-/react-roving-focus-0.1.4.tgz#693ca3eaab153feabe37f9d50987d6d2911cf819"
  integrity sha512-zaixcAxRcWQliUSx6l9rdfJhvcbuY7Tb4Emb7H4DWCTx1kenXH8+n9mwa8gaSIJLLSSSMzBpQATlpFw9xv/bJQ==
  dependencies:
    "@babel/runtime" "^7.13.10"
    "@radix-ui/primitive" "0.1.0"
    "@radix-ui/react-collection" "0.1.3"
    "@radix-ui/react-compose-refs" "0.1.0"
    "@radix-ui/react-context" "0.1.1"
    "@radix-ui/react-id" "0.1.4"
    "@radix-ui/react-primitive" "0.1.3"
    "@radix-ui/react-use-callback-ref" "0.1.0"
    "@radix-ui/react-use-controllable-state" "0.1.0"

"@radix-ui/react-scroll-area@^0.1.3":
  version "0.1.3"
  resolved "https://registry.yarnpkg.com/@radix-ui/react-scroll-area/-/react-scroll-area-0.1.3.tgz#d9ef1625d06346cda7eb71e21947fe726c800144"
  integrity sha512-wn5FdX5pU8N6ygqIad4clrhyiLo3LWCdscIee2nKe2bu7AijtUs/VAqmLEoDLIi2gpkS5RclxHbiHRkaxVvccw==
  dependencies:
    "@babel/runtime" "^7.13.10"
    "@radix-ui/number" "0.1.0"
    "@radix-ui/primitive" "0.1.0"
    "@radix-ui/react-compose-refs" "0.1.0"
    "@radix-ui/react-context" "0.1.1"
    "@radix-ui/react-presence" "0.1.1"
    "@radix-ui/react-primitive" "0.1.3"
    "@radix-ui/react-use-callback-ref" "0.1.0"
    "@radix-ui/react-use-direction" "0.1.0"
    "@radix-ui/react-use-layout-effect" "0.1.0"

"@radix-ui/react-slot@0.1.2":
  version "0.1.2"
  resolved "https://registry.yarnpkg.com/@radix-ui/react-slot/-/react-slot-0.1.2.tgz#e6f7ad9caa8ce81cc8d532c854c56f9b8b6307c8"
  integrity sha512-ADkqfL+agEzEguU3yS26jfB50hRrwf7U4VTwAOZEmi/g+ITcBWe12yM46ueS/UCIMI9Py+gFUaAdxgxafFvY2Q==
  dependencies:
    "@babel/runtime" "^7.13.10"
    "@radix-ui/react-compose-refs" "0.1.0"

"@radix-ui/react-tooltip@^0.1.6":
  version "0.1.6"
  resolved "https://registry.yarnpkg.com/@radix-ui/react-tooltip/-/react-tooltip-0.1.6.tgz#46a3e385e004aaebd16ecaa1da7d1af70ba3bb45"
  integrity sha512-0uaRpRmTCQo5yMUkDpv4LEDnaQDoeLXcNNhZonCZdbZBQ7ntvjURIWIigq1/pXZp0UX7oPpFzsXD9jUp8JT0WA==
  dependencies:
    "@babel/runtime" "^7.13.10"
    "@radix-ui/primitive" "0.1.0"
    "@radix-ui/react-compose-refs" "0.1.0"
    "@radix-ui/react-context" "0.1.1"
    "@radix-ui/react-id" "0.1.4"
    "@radix-ui/react-popper" "0.1.3"
    "@radix-ui/react-portal" "0.1.3"
    "@radix-ui/react-presence" "0.1.1"
    "@radix-ui/react-primitive" "0.1.3"
    "@radix-ui/react-slot" "0.1.2"
    "@radix-ui/react-use-controllable-state" "0.1.0"
    "@radix-ui/react-use-escape-keydown" "0.1.0"
    "@radix-ui/react-use-previous" "0.1.0"
    "@radix-ui/react-use-rect" "0.1.1"
    "@radix-ui/react-visually-hidden" "0.1.3"

"@radix-ui/react-use-body-pointer-events@0.1.0":
  version "0.1.0"
  resolved "https://registry.yarnpkg.com/@radix-ui/react-use-body-pointer-events/-/react-use-body-pointer-events-0.1.0.tgz#29b211464493f8ca5149ce34b96b95abbc97d741"
  integrity sha512-svPyoHCcwOq/vpWNEvdH/yD91vN9p8BtiozNQbjVmJRxQ/vS12zqk70AxTGWe+2ZKHq2sggpEQNTv1JHyVFlnQ==
  dependencies:
    "@babel/runtime" "^7.13.10"
    "@radix-ui/react-use-layout-effect" "0.1.0"

"@radix-ui/react-use-callback-ref@0.1.0":
  version "0.1.0"
  resolved "https://registry.yarnpkg.com/@radix-ui/react-use-callback-ref/-/react-use-callback-ref-0.1.0.tgz#934b6e123330f5b3a6b116460e6662cbc663493f"
  integrity sha512-Va041McOFFl+aV+sejvl0BS2aeHx86ND9X/rVFmEFQKTXCp6xgUK0NGUAGcgBlIjnJSbMYPGEk1xKSSlVcN2Aw==
  dependencies:
    "@babel/runtime" "^7.13.10"

"@radix-ui/react-use-controllable-state@0.1.0":
  version "0.1.0"
  resolved "https://registry.yarnpkg.com/@radix-ui/react-use-controllable-state/-/react-use-controllable-state-0.1.0.tgz#4fced164acfc69a4e34fb9d193afdab973a55de1"
  integrity sha512-zv7CX/PgsRl46a52Tl45TwqwVJdmqnlQEQhaYMz/yBOD2sx2gCkCFSoF/z9mpnYWmS6DTLNTg5lIps3fV6EnXg==
  dependencies:
    "@babel/runtime" "^7.13.10"
    "@radix-ui/react-use-callback-ref" "0.1.0"

"@radix-ui/react-use-direction@0.1.0":
  version "0.1.0"
  resolved "https://registry.yarnpkg.com/@radix-ui/react-use-direction/-/react-use-direction-0.1.0.tgz#97ac1d52e497c974389e7988f809238ed72e7df7"
  integrity sha512-NajpY/An9TCPSfOVkgWIdXJV+VuWl67PxB6kOKYmtNAFHvObzIoh8o0n9sAuwSAyFCZVq211FEf9gvVDRhOyiA==
  dependencies:
    "@babel/runtime" "^7.13.10"

"@radix-ui/react-use-escape-keydown@0.1.0":
  version "0.1.0"
  resolved "https://registry.yarnpkg.com/@radix-ui/react-use-escape-keydown/-/react-use-escape-keydown-0.1.0.tgz#dc80cb3753e9d1bd992adbad9a149fb6ea941874"
  integrity sha512-tDLZbTGFmvXaazUXXv8kYbiCcbAE8yKgng9s95d8fCO+Eundv0Jngbn/hKPhDDs4jj9ChwRX5cDDnlaN+ugYYQ==
  dependencies:
    "@babel/runtime" "^7.13.10"
    "@radix-ui/react-use-callback-ref" "0.1.0"

"@radix-ui/react-use-layout-effect@0.1.0":
  version "0.1.0"
  resolved "https://registry.yarnpkg.com/@radix-ui/react-use-layout-effect/-/react-use-layout-effect-0.1.0.tgz#ebf71bd6d2825de8f1fbb984abf2293823f0f223"
  integrity sha512-+wdeS51Y+E1q1Wmd+1xSSbesZkpVj4jsg0BojCbopWvgq5iBvixw5vgemscdh58ep98BwUbsFYnrywFhV9yrVg==
  dependencies:
    "@babel/runtime" "^7.13.10"

"@radix-ui/react-use-previous@0.1.0":
  version "0.1.0"
  resolved "https://registry.yarnpkg.com/@radix-ui/react-use-previous/-/react-use-previous-0.1.0.tgz#fed880d41187d0fdd1e19c4588402765f342777e"
  integrity sha512-0fxNc33rYnCzDMPSiSnfS8YklnxQo8WqbAQXPAgIaaA1jRu2qFB916PL4qCIW+avcAAqFD38vWhqDqcVmBharA==
  dependencies:
    "@babel/runtime" "^7.13.10"

"@radix-ui/react-use-rect@0.1.1":
  version "0.1.1"
  resolved "https://registry.yarnpkg.com/@radix-ui/react-use-rect/-/react-use-rect-0.1.1.tgz#6c15384beee59c086e75b89a7e66f3d2e583a856"
  integrity sha512-kHNNXAsP3/PeszEmM/nxBBS9Jbo93sO+xuMTcRfwzXsmxT5gDXQzAiKbZQ0EecCPtJIzqvr7dlaQi/aP1PKYqQ==
  dependencies:
    "@babel/runtime" "^7.13.10"
    "@radix-ui/rect" "0.1.1"

"@radix-ui/react-use-size@0.1.0":
  version "0.1.0"
  resolved "https://registry.yarnpkg.com/@radix-ui/react-use-size/-/react-use-size-0.1.0.tgz#dc49295d646f5d3f570943dbb88bd94fc7db7daf"
  integrity sha512-TcZAsR+BYI46w/RbaSFCRACl+Jh6mDqhu6GS2r0iuJpIVrj8atff7qtTjmMmfGtEDNEjhl7DxN3pr1nTS/oruQ==
  dependencies:
    "@babel/runtime" "^7.13.10"

"@radix-ui/react-visually-hidden@0.1.3":
  version "0.1.3"
  resolved "https://registry.yarnpkg.com/@radix-ui/react-visually-hidden/-/react-visually-hidden-0.1.3.tgz#406a2f1e2f2cf27e5b85a29dc3aca718e695acaf"
  integrity sha512-dPU6ZR2WQ/W9qv7E1Y8/I8ymqG+8sViU6dQQ6sfr2/8yGr0I4mmI7ywTnqXaE+YS9gHLEZHdQcEqTNESg6YfdQ==
  dependencies:
    "@babel/runtime" "^7.13.10"
    "@radix-ui/react-primitive" "0.1.3"

"@radix-ui/rect@0.1.1":
  version "0.1.1"
  resolved "https://registry.yarnpkg.com/@radix-ui/rect/-/rect-0.1.1.tgz#95b5ba51f469bea6b1b841e2d427e17e37d38419"
  integrity sha512-g3hnE/UcOg7REdewduRPAK88EPuLZtaq7sA9ouu8S+YEtnyFRI16jgv6GZYe3VMoQLL1T171ebmEPtDjyxWLzw==
  dependencies:
    "@babel/runtime" "^7.13.10"

"@types/prop-types@*":
  version "15.7.4"
  resolved "https://registry.yarnpkg.com/@types/prop-types/-/prop-types-15.7.4.tgz#fcf7205c25dff795ee79af1e30da2c9790808f11"
  integrity sha512-rZ5drC/jWjrArrS8BR6SIr4cWpW09RNTYt9AMZo3Jwwif+iacXAqgVjm0B0Bv/S1jhDXKHqRVNCbACkJ89RAnQ==

"@types/react-dom@^17.0.11":
  version "17.0.11"
  resolved "https://registry.yarnpkg.com/@types/react-dom/-/react-dom-17.0.11.tgz#e1eadc3c5e86bdb5f7684e00274ae228e7bcc466"
  integrity sha512-f96K3k+24RaLGVu/Y2Ng3e1EbZ8/cVJvypZWd7cy0ofCBaf2lcM46xNhycMZ2xGwbBjRql7hOlZ+e2WlJ5MH3Q==
  dependencies:
    "@types/react" "*"

"@types/react@*", "@types/react@^17.0.38":
  version "17.0.38"
  resolved "https://registry.yarnpkg.com/@types/react/-/react-17.0.38.tgz#f24249fefd89357d5fa71f739a686b8d7c7202bd"
  integrity sha512-SI92X1IA+FMnP3qM5m4QReluXzhcmovhZnLNm3pyeQlooi02qI7sLiepEYqT678uNiyc25XfCqxREFpy3W7YhQ==
  dependencies:
    "@types/prop-types" "*"
    "@types/scheduler" "*"
    csstype "^3.0.2"

"@types/scheduler@*":
  version "0.16.2"
  resolved "https://registry.yarnpkg.com/@types/scheduler/-/scheduler-0.16.2.tgz#1a62f89525723dde24ba1b01b092bf5df8ad4d39"
  integrity sha512-hppQEBDmlwhFAXKJX2KnWLYu5yMfi91yazPb2l+lbJiwW+wdo1gNeRA+3RgNSO39WYX2euey41KEwnqesU2Jew==

aria-hidden@^1.1.1:
  version "1.1.3"
  resolved "https://registry.yarnpkg.com/aria-hidden/-/aria-hidden-1.1.3.tgz#bb48de18dc84787a3c6eee113709c473c64ec254"
  integrity sha512-RhVWFtKH5BiGMycI72q2RAFMLQi8JP9bLuQXgR5a8Znp7P5KOIADSJeyfI8PCVxLEp067B2HbP5JIiI/PXIZeA==
  dependencies:
    tslib "^1.0.0"

code-block-writer@^10.1.0:
  version "10.1.1"
  resolved "https://registry.yarnpkg.com/code-block-writer/-/code-block-writer-10.1.1.tgz#ad5684ed4bfb2b0783c8b131281ae84ee640a42f"
  integrity sha512-67ueh2IRGst/51p0n6FvPrnRjAGHY5F8xdjkgrYE7DDzpJe6qA07RYQ9VcoUeo5ATOjSOiWpSL3SWBRRbempMw==

csstype@^3.0.2, csstype@^3.0.4:
  version "3.0.10"
  resolved "https://registry.yarnpkg.com/csstype/-/csstype-3.0.10.tgz#2ad3a7bed70f35b965707c092e5f30b327c290e5"
  integrity sha512-2u44ZG2OcNUO9HDp/Jl8C07x6pU/eTR3ncV91SiK3dhG9TWvRVsCoJw14Ckx5DgWkzGA3waZWO3d7pgqpUI/XA==

detect-node-es@^1.1.0:
  version "1.1.0"
  resolved "https://registry.yarnpkg.com/detect-node-es/-/detect-node-es-1.1.0.tgz#163acdf643330caa0b4cd7c21e7ee7755d6fa493"
  integrity sha512-ypdmJU/TbBby2Dxibuv7ZLW3Bs1QEmM7nHjEANfohJLvE0XVujisn1qPJcZxg+qDucsr+bP6fLD1rPS3AhJ7EQ==

esbuild-android-arm64@0.14.11:
  version "0.14.11"
  resolved "https://registry.yarnpkg.com/esbuild-android-arm64/-/esbuild-android-arm64-0.14.11.tgz#b8b34e35a5b43880664ac7a3fbc70243d7ed894f"
  integrity sha512-6iHjgvMnC/SzDH8TefL+/3lgCjYWwAd1LixYfmz/TBPbDQlxcuSkX0yiQgcJB9k+ibZ54yjVXziIwGdlc+6WNw==

esbuild-darwin-64@0.14.11:
  version "0.14.11"
  resolved "https://registry.yarnpkg.com/esbuild-darwin-64/-/esbuild-darwin-64-0.14.11.tgz#ba805de98c0412e50fcd0636451797da157b0625"
  integrity sha512-olq84ikh6TiBcrs3FnM4eR5VPPlcJcdW8BnUz/lNoEWYifYQ+Po5DuYV1oz1CTFMw4k6bQIZl8T3yxL+ZT2uvQ==

esbuild-darwin-arm64@0.14.11:
  version "0.14.11"
  resolved "https://registry.yarnpkg.com/esbuild-darwin-arm64/-/esbuild-darwin-arm64-0.14.11.tgz#4d3573e448af76ce33e16231f3d9f878542d6fe8"
  integrity sha512-Jj0ieWLREPBYr/TZJrb2GFH8PVzDqiQWavo1pOFFShrcmHWDBDrlDxPzEZ67NF/Un3t6sNNmeI1TUS/fe1xARg==

esbuild-freebsd-64@0.14.11:
  version "0.14.11"
  resolved "https://registry.yarnpkg.com/esbuild-freebsd-64/-/esbuild-freebsd-64-0.14.11.tgz#9294e6ab359ec93590ab097b0f2017de7c78ab4d"
  integrity sha512-C5sT3/XIztxxz/zwDjPRHyzj/NJFOnakAanXuyfLDwhwupKPd76/PPHHyJx6Po6NI6PomgVp/zi6GRB8PfrOTA==

esbuild-freebsd-arm64@0.14.11:
  version "0.14.11"
  resolved "https://registry.yarnpkg.com/esbuild-freebsd-arm64/-/esbuild-freebsd-arm64-0.14.11.tgz#ae3e0b09173350b66cf8321583c9a1c1fcb8bb55"
  integrity sha512-y3Llu4wbs0bk4cwjsdAtVOesXb6JkdfZDLKMt+v1U3tOEPBdSu6w8796VTksJgPfqvpX22JmPLClls0h5p+L9w==

esbuild-linux-32@0.14.11:
  version "0.14.11"
  resolved "https://registry.yarnpkg.com/esbuild-linux-32/-/esbuild-linux-32-0.14.11.tgz#ddadbc7038aa5a6b1675bb1503cf79a0cbf1229a"
  integrity sha512-Cg3nVsxArjyLke9EuwictFF3Sva+UlDTwHIuIyx8qpxRYAOUTmxr2LzYrhHyTcGOleLGXUXYsnUVwKqnKAgkcg==

esbuild-linux-64@0.14.11:
  version "0.14.11"
  resolved "https://registry.yarnpkg.com/esbuild-linux-64/-/esbuild-linux-64-0.14.11.tgz#d698e3ce3a231ddfeec6b5df8c546ae8883fcd88"
  integrity sha512-oeR6dIrrojr8DKVrxtH3xl4eencmjsgI6kPkDCRIIFwv4p+K7ySviM85K66BN01oLjzthpUMvBVfWSJkBLeRbg==

esbuild-linux-arm64@0.14.11:
  version "0.14.11"
  resolved "https://registry.yarnpkg.com/esbuild-linux-arm64/-/esbuild-linux-arm64-0.14.11.tgz#85faea9fa99ad355b5e3b283197a4dfd0a110fe7"
  integrity sha512-+e6ZCgTFQYZlmg2OqLkg1jHLYtkNDksxWDBWNtI4XG4WxuOCUErLqfEt9qWjvzK3XBcCzHImrajkUjO+rRkbMg==

esbuild-linux-arm@0.14.11:
  version "0.14.11"
  resolved "https://registry.yarnpkg.com/esbuild-linux-arm/-/esbuild-linux-arm-0.14.11.tgz#74cbcf0b8a22c8401bcbcd6ebd4cbf2baca8b7b4"
  integrity sha512-vcwskfD9g0tojux/ZaTJptJQU3a7YgTYsptK1y6LQ/rJmw7U5QJvboNawqM98Ca3ToYEucfCRGbl66OTNtp6KQ==

esbuild-linux-mips64le@0.14.11:
  version "0.14.11"
  resolved "https://registry.yarnpkg.com/esbuild-linux-mips64le/-/esbuild-linux-mips64le-0.14.11.tgz#490429211a3233f5cbbd8575b7758b897e42979a"
  integrity sha512-Rrs99L+p54vepmXIb87xTG6ukrQv+CzrM8eoeR+r/OFL2Rg8RlyEtCeshXJ2+Q66MXZOgPJaokXJZb9snq28bw==

esbuild-linux-ppc64le@0.14.11:
  version "0.14.11"
  resolved "https://registry.yarnpkg.com/esbuild-linux-ppc64le/-/esbuild-linux-ppc64le-0.14.11.tgz#fc79d60710213b5b98345f5b138d48245616827a"
  integrity sha512-JyzziGAI0D30Vyzt0HDihp4s1IUtJ3ssV2zx9O/c+U/dhUHVP2TmlYjzCfCr2Q6mwXTeloDcLS4qkyvJtYptdQ==

esbuild-linux-s390x@0.14.11:
  version "0.14.11"
  resolved "https://registry.yarnpkg.com/esbuild-linux-s390x/-/esbuild-linux-s390x-0.14.11.tgz#ca4b93556bbba6cc95b0644f2ee93c982165ba07"
  integrity sha512-DoThrkzunZ1nfRGoDN6REwmo8ZZWHd2ztniPVIR5RMw/Il9wiWEYBahb8jnMzQaSOxBsGp0PbyJeVLTUatnlcw==

esbuild-netbsd-64@0.14.11:
  version "0.14.11"
  resolved "https://registry.yarnpkg.com/esbuild-netbsd-64/-/esbuild-netbsd-64-0.14.11.tgz#edb340bc6653c88804cac2253e21b74258fce165"
  integrity sha512-12luoRQz+6eihKYh1zjrw0CBa2aw3twIiHV/FAfjh2NEBDgJQOY4WCEUEN+Rgon7xmLh4XUxCQjnwrvf8zhACw==

esbuild-openbsd-64@0.14.11:
  version "0.14.11"
  resolved "https://registry.yarnpkg.com/esbuild-openbsd-64/-/esbuild-openbsd-64-0.14.11.tgz#caeff5f946f79a60ce7bcf88871ca4c71d3476e8"
  integrity sha512-l18TZDjmvwW6cDeR4fmizNoxndyDHamGOOAenwI4SOJbzlJmwfr0jUgjbaXCUuYVOA964siw+Ix+A+bhALWg8Q==

esbuild-sunos-64@0.14.11:
  version "0.14.11"
  resolved "https://registry.yarnpkg.com/esbuild-sunos-64/-/esbuild-sunos-64-0.14.11.tgz#90ce7e1749c2958a53509b4bae7b8f7d98f276d6"
  integrity sha512-bmYzDtwASBB8c+0/HVOAiE9diR7+8zLm/i3kEojUH2z0aIs6x/S4KiTuT5/0VKJ4zk69kXel1cNWlHBMkmavQg==

esbuild-windows-32@0.14.11:
  version "0.14.11"
  resolved "https://registry.yarnpkg.com/esbuild-windows-32/-/esbuild-windows-32-0.14.11.tgz#d067f4ce15b29efba6336e6a23597120fafe49ec"
  integrity sha512-J1Ys5hMid8QgdY00OBvIolXgCQn1ARhYtxPnG6ESWNTty3ashtc4+As5nTrsErnv8ZGUcWZe4WzTP/DmEVX1UQ==

esbuild-windows-64@0.14.11:
  version "0.14.11"
  resolved "https://registry.yarnpkg.com/esbuild-windows-64/-/esbuild-windows-64-0.14.11.tgz#13e86dd37a6cd61a5276fa2d271342d0f74da864"
  integrity sha512-h9FmMskMuGeN/9G9+LlHPAoiQk9jlKDUn9yA0MpiGzwLa82E7r1b1u+h2a+InprbSnSLxDq/7p5YGtYVO85Mlg==

esbuild-windows-arm64@0.14.11:
  version "0.14.11"
  resolved "https://registry.yarnpkg.com/esbuild-windows-arm64/-/esbuild-windows-arm64-0.14.11.tgz#e8edfdf1d712085e6dc3fba18a0c225aaae32b75"
  integrity sha512-dZp7Krv13KpwKklt9/1vBFBMqxEQIO6ri7Azf8C+ob4zOegpJmha2XY9VVWP/OyQ0OWk6cEeIzMJwInRZrzBUQ==

esbuild@^0.14.11:
  version "0.14.11"
  resolved "https://registry.yarnpkg.com/esbuild/-/esbuild-0.14.11.tgz#ac4acb78907874832afb704c3afe58ad37715c27"
  integrity sha512-xZvPtVj6yecnDeFb3KjjCM6i7B5TCAQZT77kkW/CpXTMnd6VLnRPKrUB1XHI1pSq6a4Zcy3BGueQ8VljqjDGCg==
  optionalDependencies:
    esbuild-android-arm64 "0.14.11"
    esbuild-darwin-64 "0.14.11"
    esbuild-darwin-arm64 "0.14.11"
    esbuild-freebsd-64 "0.14.11"
    esbuild-freebsd-arm64 "0.14.11"
    esbuild-linux-32 "0.14.11"
    esbuild-linux-64 "0.14.11"
    esbuild-linux-arm "0.14.11"
    esbuild-linux-arm64 "0.14.11"
    esbuild-linux-mips64le "0.14.11"
    esbuild-linux-ppc64le "0.14.11"
    esbuild-linux-s390x "0.14.11"
    esbuild-netbsd-64 "0.14.11"
    esbuild-openbsd-64 "0.14.11"
    esbuild-sunos-64 "0.14.11"
    esbuild-windows-32 "0.14.11"
    esbuild-windows-64 "0.14.11"
    esbuild-windows-arm64 "0.14.11"

get-nonce@^1.0.0:
  version "1.0.1"
  resolved "https://registry.yarnpkg.com/get-nonce/-/get-nonce-1.0.1.tgz#fdf3f0278073820d2ce9426c18f07481b1e0cdf3"
  integrity sha512-FJhYRoDaiatfEkUK8HKlicmu/3SGFD51q3itKDGoSTysQJBnfOcxU5GxnhE1E6soB76MbT0MBtnKJuXyAx+96Q==

invariant@^2.2.4:
  version "2.2.4"
  resolved "https://registry.yarnpkg.com/invariant/-/invariant-2.2.4.tgz#610f3c92c9359ce1db616e538008d23ff35158e6"
  integrity sha512-phJfQVBuaJM5raOpJjSfkiD6BpbCE4Ns//LaXl6wGYtUBY83nWS6Rf9tXm2e8VaK60JEjYldbPif/A2B1C2gNA==
  dependencies:
    loose-envify "^1.0.0"

"js-tokens@^3.0.0 || ^4.0.0":
  version "4.0.0"
  resolved "https://registry.yarnpkg.com/js-tokens/-/js-tokens-4.0.0.tgz#19203fb59991df98e3a287050d4647cdeaf32499"
  integrity sha512-RdJUflcE3cUzKiMqQgsCu06FPu9UdIJO0beYbPhHN4k6apgJtifcoCtT9bcxOpYBtpD2kCM6Sbzg4CausW/PKQ==

loose-envify@^1.0.0, loose-envify@^1.1.0:
  version "1.4.0"
  resolved "https://registry.yarnpkg.com/loose-envify/-/loose-envify-1.4.0.tgz#71ee51fa7be4caec1a63839f7e682d8132d30caf"
  integrity sha512-lyuxPGr/Wfhrlem2CL/UcnUc1zcqKAImBDzukY7Y5F/yQiNdko6+fRLevlw1HgMySw7f611UIY408EtxRSoK3Q==
  dependencies:
    js-tokens "^3.0.0 || ^4.0.0"

object-assign@^4.1.1:
  version "4.1.1"
  resolved "https://registry.yarnpkg.com/object-assign/-/object-assign-4.1.1.tgz#2109adc7965887cfc05cbbd442cac8bfbb360863"
  integrity sha1-IQmtx5ZYh8/AXLvUQsrIv7s2CGM=

react-dom@^17.0.2:
  version "17.0.2"
  resolved "https://registry.yarnpkg.com/react-dom/-/react-dom-17.0.2.tgz#ecffb6845e3ad8dbfcdc498f0d0a939736502c23"
  integrity sha512-s4h96KtLDUQlsENhMn1ar8t2bEa+q/YAtj8pPPdIjPDGBDIVNsrD9aXNWqspUe6AzKCIG0C1HZZLqLV7qpOBGA==
  dependencies:
    loose-envify "^1.1.0"
    object-assign "^4.1.1"
    scheduler "^0.20.2"

react-remove-scroll-bar@^2.1.0:
  version "2.2.0"
  resolved "https://registry.yarnpkg.com/react-remove-scroll-bar/-/react-remove-scroll-bar-2.2.0.tgz#d4d545a7df024f75d67e151499a6ab5ac97c8cdd"
  integrity sha512-UU9ZBP1wdMR8qoUs7owiVcpaPwsQxUDC2lypP6mmixaGlARZa7ZIBx1jcuObLdhMOvCsnZcvetOho0wzPa9PYg==
  dependencies:
    react-style-singleton "^2.1.0"
    tslib "^1.0.0"

react-remove-scroll@^2.4.0:
  version "2.4.3"
  resolved "https://registry.yarnpkg.com/react-remove-scroll/-/react-remove-scroll-2.4.3.tgz#83d19b02503b04bd8141ed6e0b9e6691a2e935a6"
  integrity sha512-lGWYXfV6jykJwbFpsuPdexKKzp96f3RbvGapDSIdcyGvHb7/eqyn46C7/6h+rUzYar1j5mdU+XECITHXCKBk9Q==
  dependencies:
    react-remove-scroll-bar "^2.1.0"
    react-style-singleton "^2.1.0"
    tslib "^1.0.0"
    use-callback-ref "^1.2.3"
    use-sidecar "^1.0.1"

react-style-singleton@^2.1.0:
  version "2.1.1"
  resolved "https://registry.yarnpkg.com/react-style-singleton/-/react-style-singleton-2.1.1.tgz#ce7f90b67618be2b6b94902a30aaea152ce52e66"
  integrity sha512-jNRp07Jza6CBqdRKNgGhT3u9umWvils1xsuMOjZlghBDH2MU0PL2WZor4PGYjXpnRCa9DQSlHMs/xnABWOwYbA==
  dependencies:
    get-nonce "^1.0.0"
    invariant "^2.2.4"
    tslib "^1.0.0"

react@^17.0.2:
  version "17.0.2"
  resolved "https://registry.yarnpkg.com/react/-/react-17.0.2.tgz#d0b5cc516d29eb3eee383f75b62864cfb6800037"
  integrity sha512-gnhPt75i/dq/z3/6q/0asP78D0u592D5L1pd7M8P+dck6Fu/jJeL6iVVK23fptSUZj8Vjf++7wXA8UNclGQcbA==
  dependencies:
    loose-envify "^1.1.0"
    object-assign "^4.1.1"

regenerator-runtime@^0.13.4:
  version "0.13.9"
  resolved "https://registry.yarnpkg.com/regenerator-runtime/-/regenerator-runtime-0.13.9.tgz#8925742a98ffd90814988d7566ad30ca3b263b52"
  integrity sha512-p3VT+cOEgxFsRRA9X4lkI1E+k2/CtnKtU4gcxyaCUreilL/vqI6CdZ3wxVUx3UOUg+gnUOQQcRI7BmSI656MYA==

scheduler@^0.20.2:
  version "0.20.2"
  resolved "https://registry.yarnpkg.com/scheduler/-/scheduler-0.20.2.tgz#4baee39436e34aa93b4874bddcbf0fe8b8b50e91"
  integrity sha512-2eWfGgAqqWFGqtdMmcL5zCMK1U8KlXv8SQFGglL3CEtd0aDVDWgeF/YoCmvln55m5zSk3J/20hTaSBeSObsQDQ==
  dependencies:
    loose-envify "^1.1.0"
    object-assign "^4.1.1"

tslib@^1.0.0, tslib@^1.9.3:
  version "1.14.1"
  resolved "https://registry.yarnpkg.com/tslib/-/tslib-1.14.1.tgz#cf2d38bdc34a134bcaf1091c41f6619e2f672d00"
  integrity sha512-Xni35NKzjgMrwevysHTCArtLDpPvye8zV/0E4EyYn43P7/7qvQwPh9BGkHewbMulVntbigmcT7rdX3BNo9wRJg==

typescript@^4.5.4:
  version "4.5.4"
  resolved "https://registry.yarnpkg.com/typescript/-/typescript-4.5.4.tgz#a17d3a0263bf5c8723b9c52f43c5084edf13c2e8"
  integrity sha512-VgYs2A2QIRuGphtzFV7aQJduJ2gyfTljngLzjpfW9FoYZF6xuw1W0vW9ghCKLfcWrCFxK81CSGRAvS1pn4fIUg==

use-callback-ref@^1.2.3:
  version "1.2.5"
  resolved "https://registry.yarnpkg.com/use-callback-ref/-/use-callback-ref-1.2.5.tgz#6115ed242cfbaed5915499c0a9842ca2912f38a5"
  integrity sha512-gN3vgMISAgacF7sqsLPByqoePooY3n2emTH59Ur5d/M8eg4WTWu1xp8i8DHjohftIyEx0S08RiYxbffr4j8Peg==

use-sidecar@^1.0.1:
  version "1.0.5"
  resolved "https://registry.yarnpkg.com/use-sidecar/-/use-sidecar-1.0.5.tgz#ffff2a17c1df42e348624b699ba6e5c220527f2b"
  integrity sha512-k9jnrjYNwN6xYLj1iaGhonDghfvmeTmYjAiGvOr7clwKfPjMXJf4/HOr7oT5tJwYafgp2tG2l3eZEOfoELiMcA==
  dependencies:
    detect-node-es "^1.1.0"
    tslib "^1.9.3"
